
Microsoft Visual Studio Solution File, Format Version 12.00
# Visual Studio Version 17
VisualStudioVersion = 17.3.32922.545
MinimumVisualStudioVersion = 10.0.40219.1
Project("{FAE04EC0-301F-11D3-BF4B-00C04F79EFBC}") = "CodeFirst", "CodeFirst\CodeFirst.csproj", "{FF0C107A-12F6-4906-ACDB-AA2BC3489A62}"
EndProject
Global
	GlobalSection(SolutionConfigurationPlatforms) = preSolution
		Debug|Any CPU = Debug|Any CPU
		Release|Any CPU = Release|Any CPU
	EndGlobalSection
	GlobalSection(ProjectConfigurationPlatforms) = postSolution
		{FF0C107A-12F6-4906-ACDB-AA2BC3489A62}.Debug|Any CPU.ActiveCfg = Debug|Any CPU
		{FF0C107A-12F6-4906-ACDB-AA2BC3489A62}.Debug|Any CPU.Build.0 = Debug|Any CPU
		{FF0C107A-12F6-4906-ACDB-AA2BC3489A62}.Release|Any CPU.ActiveCfg = Release|Any CPU
		{FF0C107A-12F6-4906-ACDB-AA2BC3489A62}.Release|Any CPU.Build.0 = Release|Any CPU
	EndGlobalSection
	GlobalSection(SolutionProperties) = preSolution
		HideSolutionNode = FALSE
	EndGlobalSection
	GlobalSection(ExtensibilityGlobals) = postSolution
		SolutionGuid = {91433835-59FF-4152-865E-3642086B3186}
	EndGlobalSection
EndGlobal
